
Microsoft Visual Studio Solution File, Format Version 12.00
# Visual Studio Version 17
VisualStudioVersion = 17.0.31903.59
MinimumVisualStudioVersion = 10.0.40219.1
Project("{FAE04EC0-301F-11D3-BF4B-00C04F79EFBC}") = "AIInterview.Shared", "AIInterview.Shared\AIInterview.Shared.csproj", "{29CCA28B-17AB-4791-B68B-E9D79ECA66F9}"
EndProject
Project("{FAE04EC0-301F-11D3-BF4B-00C04F79EFBC}") = "AIInterview.API", "AIInterview.API\AIInterview.API.csproj", "{7617ADEE-C3CB-4DEF-A698-FB4C95A6D9CE}"
EndProject
Project("{FAE04EC0-301F-11D3-BF4B-00C04F79EFBC}") = "AIInterview.Blazor", "AIInterview.Blazor\AIInterview.Blazor.csproj", "{0AFB7FC8-C6CE-497E-98E4-0096266C68BB}"
EndProject
Global
	GlobalSection(SolutionConfigurationPlatforms) = preSolution
		Debug|Any CPU = Debug|Any CPU
		Debug|x64 = Debug|x64
		Debug|x86 = Debug|x86
		Release|Any CPU = Release|Any CPU
		Release|x64 = Release|x64
		Release|x86 = Release|x86
	EndGlobalSection
	GlobalSection(ProjectConfigurationPlatforms) = postSolution
		{29CCA28B-17AB-4791-B68B-E9D79ECA66F9}.Debug|Any CPU.ActiveCfg = Debug|Any CPU
		{29CCA28B-17AB-4791-B68B-E9D79ECA66F9}.Debug|Any CPU.Build.0 = Debug|Any CPU
		{29CCA28B-17AB-4791-B68B-E9D79ECA66F9}.Debug|x64.ActiveCfg = Debug|Any CPU
		{29CCA28B-17AB-4791-B68B-E9D79ECA66F9}.Debug|x64.Build.0 = Debug|Any CPU
		{29CCA28B-17AB-4791-B68B-E9D79ECA66F9}.Debug|x86.ActiveCfg = Debug|Any CPU
		{29CCA28B-17AB-4791-B68B-E9D79ECA66F9}.Debug|x86.Build.0 = Debug|Any CPU
		{29CCA28B-17AB-4791-B68B-E9D79ECA66F9}.Release|Any CPU.ActiveCfg = Release|Any CPU
		{29CCA28B-17AB-4791-B68B-E9D79ECA66F9}.Release|Any CPU.Build.0 = Release|Any CPU
		{29CCA28B-17AB-4791-B68B-E9D79ECA66F9}.Release|x64.ActiveCfg = Release|Any CPU
		{29CCA28B-17AB-4791-B68B-E9D79ECA66F9}.Release|x64.Build.0 = Release|Any CPU
		{29CCA28B-17AB-4791-B68B-E9D79ECA66F9}.Release|x86.ActiveCfg = Release|Any CPU
		{29CCA28B-17AB-4791-B68B-E9D79ECA66F9}.Release|x86.Build.0 = Release|Any CPU
		{7617ADEE-C3CB-4DEF-A698-FB4C95A6D9CE}.Debug|Any CPU.ActiveCfg = Debug|Any CPU
		{7617ADEE-C3CB-4DEF-A698-FB4C95A6D9CE}.Debug|Any CPU.Build.0 = Debug|Any CPU
		{7617ADEE-C3CB-4DEF-A698-FB4C95A6D9CE}.Debug|x64.ActiveCfg = Debug|Any CPU
		{7617ADEE-C3CB-4DEF-A698-FB4C95A6D9CE}.Debug|x64.Build.0 = Debug|Any CPU
		{7617ADEE-C3CB-4DEF-A698-FB4C95A6D9CE}.Debug|x86.ActiveCfg = Debug|Any CPU
		{7617ADEE-C3CB-4DEF-A698-FB4C95A6D9CE}.Debug|x86.Build.0 = Debug|Any CPU
		{7617ADEE-C3CB-4DEF-A698-FB4C95A6D9CE}.Release|Any CPU.ActiveCfg = Release|Any CPU
		{7617ADEE-C3CB-4DEF-A698-FB4C95A6D9CE}.Release|Any CPU.Build.0 = Release|Any CPU
		{7617ADEE-C3CB-4DEF-A698-FB4C95A6D9CE}.Release|x64.ActiveCfg = Release|Any CPU
		{7617ADEE-C3CB-4DEF-A698-FB4C95A6D9CE}.Release|x64.Build.0 = Release|Any CPU
		{7617ADEE-C3CB-4DEF-A698-FB4C95A6D9CE}.Release|x86.ActiveCfg = Release|Any CPU
		{7617ADEE-C3CB-4DEF-A698-FB4C95A6D9CE}.Release|x86.Build.0 = Release|Any CPU
		{0AFB7FC8-C6CE-497E-98E4-0096266C68BB}.Debug|Any CPU.ActiveCfg = Debug|Any CPU
		{0AFB7FC8-C6CE-497E-98E4-0096266C68BB}.Debug|Any CPU.Build.0 = Debug|Any CPU
		{0AFB7FC8-C6CE-497E-98E4-0096266C68BB}.Debug|x64.ActiveCfg = Debug|Any CPU
		{0AFB7FC8-C6CE-497E-98E4-0096266C68BB}.Debug|x64.Build.0 = Debug|Any CPU
		{0AFB7FC8-C6CE-497E-98E4-0096266C68BB}.Debug|x86.ActiveCfg = Debug|Any CPU
		{0AFB7FC8-C6CE-497E-98E4-0096266C68BB}.Debug|x86.Build.0 = Debug|Any CPU
		{0AFB7FC8-C6CE-497E-98E4-0096266C68BB}.Release|Any CPU.ActiveCfg = Release|Any CPU
		{0AFB7FC8-C6CE-497E-98E4-0096266C68BB}.Release|Any CPU.Build.0 = Release|Any CPU
		{0AFB7FC8-C6CE-497E-98E4-0096266C68BB}.Release|x64.ActiveCfg = Release|Any CPU
		{0AFB7FC8-C6CE-497E-98E4-0096266C68BB}.Release|x64.Build.0 = Release|Any CPU
		{0AFB7FC8-C6CE-497E-98E4-0096266C68BB}.Release|x86.ActiveCfg = Release|Any CPU
		{0AFB7FC8-C6CE-497E-98E4-0096266C68BB}.Release|x86.Build.0 = Release|Any CPU
	EndGlobalSection
	GlobalSection(SolutionProperties) = preSolution
		HideSolutionNode = FALSE
	EndGlobalSection
EndGlobal
